<?xml version="1.0" encoding="UTF-8" standalone="yes" ?>
<CodeBlocks_project_file>
	<FileVersion major="1" minor="6" />
	<Project>
		<Option title="KanbanSystem" />
		<Option pch_mode="2" />
		<Option compiler="gcc" />
		<Build>
			<Target title="Release">
				<Option output="bin/Release/KanbanSystem" prefix_auto="1" extension_auto="1" />
				<Option object_output="obj/Release/" />
				<Option type="1" />
				<Option compiler="gcc" />
				<Compiler>
					<Add option="-O2" />
					<Add directory="include" />
					<Add directory="src" />
					<Add directory="/home/marcos/CodeBlocksProjects/KanbanSystem/" />
					<Add directory="test" />
				</Compiler>
				<Linker>
					<Add option="-s" />
				</Linker>
			</Target>
		</Build>
		<Compiler>
			<Add option="-Wall" />
			<Add option="-fexceptions" />
			<Add directory="include" />
			<Add directory="/home/marcos/CodeBlocksProjects/KanbanSystem/" />
			<Add directory="src" />
			<Add directory="test" />
		</Compiler>
		<Linker>
			<Add library="/lib/x86_64-linux-gnu/libsqlite3.a" />
		</Linker>
		<Unit filename="include/Interfaces.h" />
		<Unit filename="include/containers/ContainerConta.h" />
		<Unit filename="include/controladoras/CntrAInterface.h" />
		<Unit filename="include/controladoras/CntrIAAutenticacao.h" />
		<Unit filename="include/controladoras/CntrIAConta.h" />
		<Unit filename="include/controladoras/CntrISAutenticacao.h" />
		<Unit filename="include/controladoras/CntrISConta.h" />
		<Unit filename="include/dominios/Codigo.h" />
		<Unit filename="include/dominios/Coluna.h" />
		<Unit filename="include/dominios/Email.h" />
		<Unit filename="include/dominios/Limite.h" />
		<Unit filename="include/dominios/Senha.h" />
		<Unit filename="include/dominios/Texto.h" />
		<Unit filename="include/entidades/Cartao.h" />
		<Unit filename="include/entidades/Conta.h" />
		<Unit filename="include/entidades/Quadro.h" />
		<Unit filename="include/sqlite3.h" />
		<Unit filename="src/containers/ContainerConta.cpp" />
		<Unit filename="src/controladoras/CntrAInterface.cpp" />
		<Unit filename="src/controladoras/CntrIAAutenticacao.cpp" />
		<Unit filename="src/controladoras/CntrIAConta.cpp" />
		<Unit filename="src/controladoras/CntrISAutenticacao.cpp" />
		<Unit filename="src/controladoras/CntrISConta.cpp" />
		<Unit filename="src/dominios/Codigo.cpp" />
		<Unit filename="src/dominios/Coluna.cpp" />
		<Unit filename="src/dominios/Email.cpp" />
		<Unit filename="src/dominios/Limite.cpp" />
		<Unit filename="src/dominios/Senha.cpp" />
		<Unit filename="src/dominios/Texto.cpp" />
		<Unit filename="src/entidades/Cartao.cpp" />
		<Unit filename="src/entidades/Conta.cpp" />
		<Unit filename="src/entidades/Quadro.cpp" />
		<Unit filename="src/main.cpp" />
		<Unit filename="test/dominios/CodigoTeste.cpp" />
		<Unit filename="test/dominios/CodigoTeste.h" />
		<Unit filename="test/dominios/ColunaTeste.cpp" />
		<Unit filename="test/dominios/ColunaTeste.h" />
		<Unit filename="test/dominios/EmailTeste.cpp" />
		<Unit filename="test/dominios/EmailTeste.h" />
		<Unit filename="test/dominios/LimiteTeste.cpp" />
		<Unit filename="test/dominios/LimiteTeste.h" />
		<Unit filename="test/dominios/SenhaTeste.cpp" />
		<Unit filename="test/dominios/SenhaTeste.h" />
		<Unit filename="test/dominios/TextoTeste.cpp" />
		<Unit filename="test/dominios/TextoTeste.h" />
		<Unit filename="test/entidades/CartaoTeste.cpp" />
		<Unit filename="test/entidades/CartaoTeste.h" />
		<Unit filename="test/entidades/ContaTeste.cpp" />
		<Unit filename="test/entidades/ContaTeste.h" />
		<Unit filename="test/entidades/QuadroTeste.cpp" />
		<Unit filename="test/entidades/QuadroTeste.h" />
		<Extensions>
			<DoxyBlocks>
				<comment_style block="0" line="0" />
				<doxyfile_project />
				<doxyfile_build />
				<doxyfile_warnings />
				<doxyfile_output />
				<doxyfile_dot />
				<general />
			</DoxyBlocks>
			<lib_finder disable_auto="1" />
		</Extensions>
	</Project>
</CodeBlocks_project_file>
